
Microsoft Visual Studio Solution File, Format Version 12.00
# Visual Studio Version 17
VisualStudioVersion = 17.8.34525.116
MinimumVisualStudioVersion = 10.0.40219.1
Project("{FAE04EC0-301F-11D3-BF4B-00C04F79EFBC}") = "COSC3407_Assignment4_Question7", "COSC3407_Assignment4_Question7\COSC3407_Assignment4_Question7.csproj", "{02E5B715-CE53-4999-A5FC-731641B8B4E5}"
EndProject
Project("{FAE04EC0-301F-11D3-BF4B-00C04F79EFBC}") = "CircularLinkedList", "CircularLinkedList\CircularLinkedList.csproj", "{06B8A197-FC66-4794-A1D5-299DD36AE018}"
EndProject
Global
	GlobalSection(SolutionConfigurationPlatforms) = preSolution
		Debug|Any CPU = Debug|Any CPU
		Release|Any CPU = Release|Any CPU
	EndGlobalSection
	GlobalSection(ProjectConfigurationPlatforms) = postSolution
		{02E5B715-CE53-4999-A5FC-731641B8B4E5}.Debug|Any CPU.ActiveCfg = Debug|Any CPU
		{02E5B715-CE53-4999-A5FC-731641B8B4E5}.Debug|Any CPU.Build.0 = Debug|Any CPU
		{02E5B715-CE53-4999-A5FC-731641B8B4E5}.Release|Any CPU.ActiveCfg = Release|Any CPU
		{02E5B715-CE53-4999-A5FC-731641B8B4E5}.Release|Any CPU.Build.0 = Release|Any CPU
		{06B8A197-FC66-4794-A1D5-299DD36AE018}.Debug|Any CPU.ActiveCfg = Debug|Any CPU
		{06B8A197-FC66-4794-A1D5-299DD36AE018}.Debug|Any CPU.Build.0 = Debug|Any CPU
		{06B8A197-FC66-4794-A1D5-299DD36AE018}.Release|Any CPU.ActiveCfg = Release|Any CPU
		{06B8A197-FC66-4794-A1D5-299DD36AE018}.Release|Any CPU.Build.0 = Release|Any CPU
	EndGlobalSection
	GlobalSection(SolutionProperties) = preSolution
		HideSolutionNode = FALSE
	EndGlobalSection
	GlobalSection(ExtensibilityGlobals) = postSolution
		SolutionGuid = {40F0A646-92B7-4834-B3C3-27E424245890}
	EndGlobalSection
EndGlobal
